{
  "name": "balancer-poc",
  "lockfileVersion": 3,
  "requires": true,
  "packages": {
    "": {
      "devDependencies": {
        "@balancer-labs/v2-interfaces": "^0.4.0",
        "@balancer-labs/v2-pool-weighted": "^2.0.1",
        "@balancer-labs/v2-vault": "^3.0.1",
        "@openzeppelin/contracts": "^5.1.0",
        "forge-std": "github:foundry-rs/forge-std"
      }
    },
    "node_modules/@balancer-labs/v2-asset-manager-utils": {
      "version": "0.2.0",
      "resolved": "https://registry.npmjs.org/@balancer-labs/v2-asset-manager-utils/-/v2-asset-manager-utils-0.2.0.tgz",
      "integrity": "sha512-6ti1pzbpgB5aT1WzbGwo69ILTNAJdAnaJcw3L9QB2aBsAhQ41H+MF3tjPvuv6P84RgJ9z42EhtwLYZqklRF0rg==",
      "dev": true,
      "license": "GPL-3.0-only",
      "dependencies": {
        "@balancer-labs/v2-solidity-utils": "2.0.0",
        "@balancer-labs/v2-vault": "2.0.0"
      }
    },
    "node_modules/@balancer-labs/v2-asset-manager-utils/node_modules/@balancer-labs/v2-vault": {
      "version": "2.0.0",
      "resolved": "https://registry.npmjs.org/@balancer-labs/v2-vault/-/v2-vault-2.0.0.tgz",
      "integrity": "sha512-GwPY84j6g7OY1z13wRYYGQeupb6DI3U+s22Ebg2v32djS9CnPzM04GJapURRbKZkpraUOYIcqhEF3Cm1AafAKg==",
      "dev": true,
      "license": "GPL-3.0-only",
      "dependencies": {
        "@balancer-labs/v2-solidity-utils": "2.0.0"
      }
    },
    "node_modules/@balancer-labs/v2-interfaces": {
      "version": "0.4.0",
      "resolved": "https://registry.npmjs.org/@balancer-labs/v2-interfaces/-/v2-interfaces-0.4.0.tgz",
      "integrity": "sha512-K0ij26m8/UOvdPmrAnuh/C7kT8OQupsgV8KRyIt+aTHW1KbPOi4v8zLMwW2AwSYMSRjPK2A/ttlnNizT0iA4Qg==",
      "dev": true,
      "license": "GPL-3.0-only"
    },
    "node_modules/@balancer-labs/v2-pool-utils": {
      "version": "2.0.1",
      "resolved": "https://registry.npmjs.org/@balancer-labs/v2-pool-utils/-/v2-pool-utils-2.0.1.tgz",
      "integrity": "sha512-Xt3d8LqJnqq5JkuSgvf0sZuWqaywg9JxrCT1myVsG6zgbtfvcraJgSCLERUdqxP47aUPHwKvm5/+mdT9xayCXA==",
      "dev": true,
      "license": "GPL-3.0-only",
      "dependencies": {
        "@balancer-labs/v2-asset-manager-utils": "0.2.0",
        "@balancer-labs/v2-solidity-utils": "2.0.0",
        "@balancer-labs/v2-vault": "2.0.0"
      }
    },
    "node_modules/@balancer-labs/v2-pool-utils/node_modules/@balancer-labs/v2-vault": {
      "version": "2.0.0",
      "resolved": "https://registry.npmjs.org/@balancer-labs/v2-vault/-/v2-vault-2.0.0.tgz",
      "integrity": "sha512-GwPY84j6g7OY1z13wRYYGQeupb6DI3U+s22Ebg2v32djS9CnPzM04GJapURRbKZkpraUOYIcqhEF3Cm1AafAKg==",
      "dev": true,
      "license": "GPL-3.0-only",
      "dependencies": {
        "@balancer-labs/v2-solidity-utils": "2.0.0"
      }
    },
    "node_modules/@balancer-labs/v2-pool-weighted": {
      "version": "2.0.1",
      "resolved": "https://registry.npmjs.org/@balancer-labs/v2-pool-weighted/-/v2-pool-weighted-2.0.1.tgz",
      "integrity": "sha512-0rNdK/7grQ1UlqmEtZV2nldSlNrGaBevfoiIbhYK3K+GHRTBs4cyCtuucDvEgtmDxbKIoO4W4p0xcrfCtMiyBw==",
      "dev": true,
      "license": "GPL-3.0-only",
      "dependencies": {
        "@balancer-labs/v2-pool-utils": "2.0.1",
        "@balancer-labs/v2-solidity-utils": "2.0.0",
        "@balancer-labs/v2-vault": "2.0.0"
      }
    },
    "node_modules/@balancer-labs/v2-pool-weighted/node_modules/@balancer-labs/v2-vault": {
      "version": "2.0.0",
      "resolved": "https://registry.npmjs.org/@balancer-labs/v2-vault/-/v2-vault-2.0.0.tgz",
      "integrity": "sha512-GwPY84j6g7OY1z13wRYYGQeupb6DI3U+s22Ebg2v32djS9CnPzM04GJapURRbKZkpraUOYIcqhEF3Cm1AafAKg==",
      "dev": true,
      "license": "GPL-3.0-only",
      "dependencies": {
        "@balancer-labs/v2-solidity-utils": "2.0.0"
      }
    },
    "node_modules/@balancer-labs/v2-solidity-utils": {
      "version": "2.0.0",
      "resolved": "https://registry.npmjs.org/@balancer-labs/v2-solidity-utils/-/v2-solidity-utils-2.0.0.tgz",
      "integrity": "sha512-OB+05vJqrs35B1d40y7tnSm6oYWnsmfRa/wpI2owJXhwx/8qr2buE+RDmT0x6Upr/c7wBdUh8v4UVk9l0+CNiA==",
      "dev": true,
      "license": "GPL-3.0-only"
    },
    "node_modules/@balancer-labs/v2-vault": {
      "version": "3.0.1",
      "resolved": "https://registry.npmjs.org/@balancer-labs/v2-vault/-/v2-vault-3.0.1.tgz",
      "integrity": "sha512-uVvHWDR8sGUCxdMOluYPEjeqeNYHo9/47ALYnpv4NLdXwNH8nw7PWun+cExLLdTBJ3XEc/6IyuYUlfcoWWpfcw==",
      "dev": true,
      "license": "GPL-3.0-only",
      "dependencies": {
        "@balancer-labs/v2-interfaces": "0.2.1",
        "@balancer-labs/v2-solidity-utils": "3.0.1"
      }
    },
    "node_modules/@balancer-labs/v2-vault/node_modules/@balancer-labs/v2-interfaces": {
      "version": "0.2.1",
      "resolved": "https://registry.npmjs.org/@balancer-labs/v2-interfaces/-/v2-interfaces-0.2.1.tgz",
      "integrity": "sha512-CBbUKjIJKdPwPGW5PCjqwStbvu9+qonnx0sY8vhIn1hJ17kopio6HCe7SsyMF7vWOd4YqzUq4Zc/6kyHH+8Bpg==",
      "dev": true,
      "license": "GPL-3.0-only"
    },
    "node_modules/@balancer-labs/v2-vault/node_modules/@balancer-labs/v2-solidity-utils": {
      "version": "3.0.1",
      "resolved": "https://registry.npmjs.org/@balancer-labs/v2-solidity-utils/-/v2-solidity-utils-3.0.1.tgz",
      "integrity": "sha512-uhaQbgFyT5uRWW39aPWH0ZARzqIICJvwZXKJpv7EPG2NAUrf03ZsF/Zb3gxpTZXfNoKsKznJWtxgJ1W0rnLu9w==",
      "dev": true,
      "license": "GPL-3.0-only",
      "dependencies": {
        "@balancer-labs/v2-interfaces": "0.2.0"
      }
    },
    "node_modules/@balancer-labs/v2-vault/node_modules/@balancer-labs/v2-solidity-utils/node_modules/@balancer-labs/v2-interfaces": {
      "version": "0.2.0",
      "resolved": "https://registry.npmjs.org/@balancer-labs/v2-interfaces/-/v2-interfaces-0.2.0.tgz",
      "integrity": "sha512-p317Ojk3iZ6ja689u72HZvi03mG02LRkS+40J/EO2o1SDdOxbKThP7cWaZNbNJBC3IP8hzRcsZI+zmLqGa6Emw==",
      "dev": true,
      "license": "GPL-3.0-only"
    },
    "node_modules/@openzeppelin/contracts": {
      "version": "5.1.0",
      "resolved": "https://registry.npmjs.org/@openzeppelin/contracts/-/contracts-5.1.0.tgz",
      "integrity": "sha512-p1ULhl7BXzjjbha5aqst+QMLY+4/LCWADXOCsmLHRM77AqiPjnd9vvUN9sosUfhL9JGKpZ0TjEGxgvnizmWGSA==",
      "dev": true,
      "license": "MIT"
    },
    "node_modules/forge-std": {
      "version": "1.9.4",
      "resolved": "git+ssh://git@github.com/foundry-rs/forge-std.git#83c5d212a01f8950727da4095cdfe2654baccb5b",
      "dev": true,
      "license": "(Apache-2.0 OR MIT)"
    }
  }
}
